
Microsoft Visual Studio Solution File, Format Version 12.00
# Visual Studio Version 16
VisualStudioVersion = 16.0.31229.75
MinimumVisualStudioVersion = 10.0.40219.1
Project("{2150E333-8FDC-42A3-9474-1A3956D46DE8}") = "Services", "Services", "{1E0EFF25-BAC4-4A89-9F04-79FC42270EAB}"
EndProject
Project("{2150E333-8FDC-42A3-9474-1A3956D46DE8}") = "WebApps", "WebApps", "{C937A242-83CE-440B-BEDF-4CE109A03329}"
EndProject
Project("{9A19103F-16F7-4668-BE54-9A1E7A4F7556}") = "PhoneBook.Services.PersonApi", "Services\PhoneBook.Services.PersonApi\PhoneBook.Services.PersonApi.csproj", "{A3A45C41-E183-4613-9B28-053159818C6F}"
EndProject
Global
	GlobalSection(SolutionConfigurationPlatforms) = preSolution
		Debug|Any CPU = Debug|Any CPU
		Release|Any CPU = Release|Any CPU
	EndGlobalSection
	GlobalSection(ProjectConfigurationPlatforms) = postSolution
		{A3A45C41-E183-4613-9B28-053159818C6F}.Debug|Any CPU.ActiveCfg = Debug|Any CPU
		{A3A45C41-E183-4613-9B28-053159818C6F}.Debug|Any CPU.Build.0 = Debug|Any CPU
		{A3A45C41-E183-4613-9B28-053159818C6F}.Release|Any CPU.ActiveCfg = Release|Any CPU
		{A3A45C41-E183-4613-9B28-053159818C6F}.Release|Any CPU.Build.0 = Release|Any CPU
	EndGlobalSection
	GlobalSection(SolutionProperties) = preSolution
		HideSolutionNode = FALSE
	EndGlobalSection
	GlobalSection(NestedProjects) = preSolution
		{A3A45C41-E183-4613-9B28-053159818C6F} = {1E0EFF25-BAC4-4A89-9F04-79FC42270EAB}
	EndGlobalSection
	GlobalSection(ExtensibilityGlobals) = postSolution
		SolutionGuid = {9E522651-4038-497B-AB68-9AC9FD7BAE86}
	EndGlobalSection
EndGlobal
